
Microsoft Visual Studio Solution File, Format Version 12.00
# Visual Studio Version 17
VisualStudioVersion = 17.7.34024.191
MinimumVisualStudioVersion = 10.0.40219.1
Project("{FAE04EC0-301F-11D3-BF4B-00C04F79EFBC}") = "RoadieRichStateMachine", "StateMachine\RoadieRichStateMachine.csproj", "{6215888A-A316-4070-A8EB-5EBA5FDD6760}"
EndProject
Project("{FAE04EC0-301F-11D3-BF4B-00C04F79EFBC}") = "Demo", "Demo\Demo.csproj", "{13DD966F-6DBB-419B-97F7-07E1BB5B0F1B}"
EndProject
Project("{FAE04EC0-301F-11D3-BF4B-00C04F79EFBC}") = "UnitTests", "UnitTests\UnitTests.csproj", "{66E7CA65-BB24-4676-87B2-576FC830D2F4}"
EndProject
Global
	GlobalSection(SolutionConfigurationPlatforms) = preSolution
		Debug|Any CPU = Debug|Any CPU
		Release|Any CPU = Release|Any CPU
	EndGlobalSection
	GlobalSection(ProjectConfigurationPlatforms) = postSolution
		{6215888A-A316-4070-A8EB-5EBA5FDD6760}.Debug|Any CPU.ActiveCfg = Debug|Any CPU
		{6215888A-A316-4070-A8EB-5EBA5FDD6760}.Debug|Any CPU.Build.0 = Debug|Any CPU
		{6215888A-A316-4070-A8EB-5EBA5FDD6760}.Release|Any CPU.ActiveCfg = Release|Any CPU
		{6215888A-A316-4070-A8EB-5EBA5FDD6760}.Release|Any CPU.Build.0 = Release|Any CPU
		{13DD966F-6DBB-419B-97F7-07E1BB5B0F1B}.Debug|Any CPU.ActiveCfg = Debug|Any CPU
		{13DD966F-6DBB-419B-97F7-07E1BB5B0F1B}.Debug|Any CPU.Build.0 = Debug|Any CPU
		{13DD966F-6DBB-419B-97F7-07E1BB5B0F1B}.Release|Any CPU.ActiveCfg = Release|Any CPU
		{13DD966F-6DBB-419B-97F7-07E1BB5B0F1B}.Release|Any CPU.Build.0 = Release|Any CPU
		{66E7CA65-BB24-4676-87B2-576FC830D2F4}.Debug|Any CPU.ActiveCfg = Debug|Any CPU
		{66E7CA65-BB24-4676-87B2-576FC830D2F4}.Debug|Any CPU.Build.0 = Debug|Any CPU
		{66E7CA65-BB24-4676-87B2-576FC830D2F4}.Release|Any CPU.ActiveCfg = Release|Any CPU
		{66E7CA65-BB24-4676-87B2-576FC830D2F4}.Release|Any CPU.Build.0 = Release|Any CPU
	EndGlobalSection
	GlobalSection(SolutionProperties) = preSolution
		HideSolutionNode = FALSE
	EndGlobalSection
	GlobalSection(ExtensibilityGlobals) = postSolution
		SolutionGuid = {EF1A21FC-13E0-4716-AD95-DCC98F4A21E8}
	EndGlobalSection
EndGlobal
